# This file is automatically @generated by Cargo.
# It is not intended for manual editing.
[[package]]
name = "next_prime"
version = "0.1.1"
source = "registry+https://github.com/rust-lang/crates.io-index"

[[package]]
name = "stack_set"
version = "0.1.0"
dependencies = [
 "next_prime 0.1.1 (registry+https://github.com/rust-lang/crates.io-index)",
]

[metadata]
"checksum next_prime 0.1.1 (registry+https://github.com/rust-lang/crates.io-index)" = "aa65d939293fcc2c51da13add3e16fd42a72b5f759f611276e45c57566efc919"
